// !$*UTF8*$!
{
	archiveVersion = 1;
	classes = {
	};
	objectVersion = 50;
	objects = {

/* Begin PBXBuildFile section */
		D87F85992193AC4A001D0134 /* AppDelegate.swift in Sources */ = {isa = PBXBuildFile; fileRef = D87F85982193AC4A001D0134 /* AppDelegate.swift */; };
		D87F859B2193AC4A001D0134 /* WelcomeVC.swift in Sources */ = {isa = PBXBuildFile; fileRef = D87F859A2193AC4A001D0134 /* WelcomeVC.swift */; };
		D87F859E2193AC4A001D0134 /* Main.storyboard in Resources */ = {isa = PBXBuildFile; fileRef = D87F859C2193AC4A001D0134 /* Main.storyboard */; };
		D87F85A02193AC4C001D0134 /* Assets.xcassets in Resources */ = {isa = PBXBuildFile; fileRef = D87F859F2193AC4C001D0134 /* Assets.xcassets */; };
		D87F85A32193AC4C001D0134 /* LaunchScreen.storyboard in Resources */ = {isa = PBXBuildFile; fileRef = D87F85A12193AC4C001D0134 /* LaunchScreen.storyboard */; };
		D87F85CA2193B5DD001D0134 /* BorderButton.swift in Sources */ = {isa = PBXBuildFile; fileRef = D87F85C92193B5DD001D0134 /* BorderButton.swift */; };
		D8B7CA652194F47500328D76 /* LeagueVC.swift in Sources */ = {isa = PBXBuildFile; fileRef = D8B7CA642194F47500328D76 /* LeagueVC.swift */; };
		D8B7CA672194F48700328D76 /* SkillVC.swift in Sources */ = {isa = PBXBuildFile; fileRef = D8B7CA662194F48700328D76 /* SkillVC.swift */; };
		D8B7CA692195003700328D76 /* Player.swift in Sources */ = {isa = PBXBuildFile; fileRef = D8B7CA682195003700328D76 /* Player.swift */; };
/* End PBXBuildFile section */

/* Begin PBXFileReference section */
		D87F85952193AC4A001D0134 /* Swoosh.app */ = {isa = PBXFileReference; explicitFileType = wrapper.application; includeInIndex = 0; path = Swoosh.app; sourceTree = BUILT_PRODUCTS_DIR; };
		D87F85982193AC4A001D0134 /* AppDelegate.swift */ = {isa = PBXFileReference; lastKnownFileType = sourcecode.swift; path = AppDelegate.swift; sourceTree = "<group>"; };
		D87F859A2193AC4A001D0134 /* WelcomeVC.swift */ = {isa = PBXFileReference; lastKnownFileType = sourcecode.swift; path = WelcomeVC.swift; sourceTree = "<group>"; };
		D87F859D2193AC4A001D0134 /* Base */ = {isa = PBXFileReference; lastKnownFileType = file.storyboard; name = Base; path = Base.lproj/Main.storyboard; sourceTree = "<group>"; };
		D87F859F2193AC4C001D0134 /* Assets.xcassets */ = {isa = PBXFileReference; lastKnownFileType = folder.assetcatalog; path = Assets.xcassets; sourceTree = "<group>"; };
		D87F85A22193AC4C001D0134 /* Base */ = {isa = PBXFileReference; lastKnownFileType = file.storyboard; name = Base; path = Base.lproj/LaunchScreen.storyboard; sourceTree = "<group>"; };
		D87F85A42193AC4C001D0134 /* Info.plist */ = {isa = PBXFileReference; lastKnownFileType = text.plist.xml; path = Info.plist; sourceTree = "<group>"; };
		D87F85C92193B5DD001D0134 /* BorderButton.swift */ = {isa = PBXFileReference; lastKnownFileType = sourcecode.swift; path = BorderButton.swift; sourceTree = "<group>"; };
		D8B7CA642194F47500328D76 /* LeagueVC.swift */ = {isa = PBXFileReference; lastKnownFileType = sourcecode.swift; path = LeagueVC.swift; sourceTree = "<group>"; };
		D8B7CA662194F48700328D76 /* SkillVC.swift */ = {isa = PBXFileReference; lastKnownFileType = sourcecode.swift; path = SkillVC.swift; sourceTree = "<group>"; };
		D8B7CA682195003700328D76 /* Player.swift */ = {isa = PBXFileReference; lastKnownFileType = sourcecode.swift; path = Player.swift; sourceTree = "<group>"; };
/* End PBXFileReference section */

/* Begin PBXFrameworksBuildPhase section */
		D87F85922193AC4A001D0134 /* Frameworks */ = {
			isa = PBXFrameworksBuildPhase;
			buildActionMask = 2147483647;
			files = (
			);
			runOnlyForDeploymentPostprocessing = 0;
		};
/* End PBXFrameworksBuildPhase section */

/* Begin PBXGroup section */
		D87F858C2193AC49001D0134 = {
			isa = PBXGroup;
			children = (
				D87F85972193AC4A001D0134 /* Swoosh */,
				D87F85962193AC4A001D0134 /* Products */,
			);
			sourceTree = "<group>";
		};
		D87F85962193AC4A001D0134 /* Products */ = {
			isa = PBXGroup;
			children = (
				D87F85952193AC4A001D0134 /* Swoosh.app */,
			);
			name = Products;
			sourceTree = "<group>";
		};
		D87F85972193AC4A001D0134 /* Swoosh */ = {
			isa = PBXGroup;
			children = (
				D8B7CA622194F3AA00328D76 /* Model */,
				D8B7CA632194F3B400328D76 /* Controller */,
				D87F85C82193B56D001D0134 /* View */,
				D87F85982193AC4A001D0134 /* AppDelegate.swift */,
				D87F859C2193AC4A001D0134 /* Main.storyboard */,
				D87F859F2193AC4C001D0134 /* Assets.xcassets */,
				D87F85A12193AC4C001D0134 /* LaunchScreen.storyboard */,
				D87F85A42193AC4C001D0134 /* Info.plist */,
			);
			path = Swoosh;
			sourceTree = "<group>";
		};
		D87F85C82193B56D001D0134 /* View */ = {
			isa = PBXGroup;
			children = (
				D87F85C92193B5DD001D0134 /* BorderButton.swift */,
			);
			path = View;
			sourceTree = "<group>";
		};
		D8B7CA622194F3AA00328D76 /* Model */ = {
			isa = PBXGroup;
			children = (
				D8B7CA682195003700328D76 /* Player.swift */,
			);
			path = Model;
			sourceTree = "<group>";
		};
		D8B7CA632194F3B400328D76 /* Controller */ = {
			isa = PBXGroup;
			children = (
				D87F859A2193AC4A001D0134 /* WelcomeVC.swift */,
				D8B7CA642194F47500328D76 /* LeagueVC.swift */,
				D8B7CA662194F48700328D76 /* SkillVC.swift */,
			);
			path = Controller;
			sourceTree = "<group>";
		};
/* End PBXGroup section */

/* Begin PBXNativeTarget section */
		D87F85942193AC4A001D0134 /* Swoosh */ = {
			isa = PBXNativeTarget;
			buildConfigurationList = D87F85A72193AC4C001D0134 /* Build configuration list for PBXNativeTarget "Swoosh" */;
			buildPhases = (
				D87F85912193AC4A001D0134 /* Sources */,
				D87F85922193AC4A001D0134 /* Frameworks */,
				D87F85932193AC4A001D0134 /* Resources */,
			);
			buildRules = (
			);
			dependencies = (
			);
			name = Swoosh;
			productName = Swoosh;
			productReference = D87F85952193AC4A001D0134 /* Swoosh.app */;
			productType = "com.apple.product-type.application";
		};
/* End PBXNativeTarget section */

/* Begin PBXProject section */
		D87F858D2193AC4A001D0134 /* Project object */ = {
			isa = PBXProject;
			attributes = {
				LastSwiftUpdateCheck = 1010;
				LastUpgradeCheck = 1010;
				ORGANIZATIONNAME = gdm;
				TargetAttributes = {
					D87F85942193AC4A001D0134 = {
						CreatedOnToolsVersion = 10.1;
					};
				};
			};
			buildConfigurationList = D87F85902193AC4A001D0134 /* Build configuration list for PBXProject "Swoosh" */;
			compatibilityVersion = "Xcode 9.3";
			developmentRegion = en;
			hasScannedForEncodings = 0;
			knownRegions = (
				en,
				Base,
			);
			mainGroup = D87F858C2193AC49001D0134;
			productRefGroup = D87F85962193AC4A001D0134 /* Products */;
			projectDirPath = "";
			projectRoot = "";
			targets = (
				D87F85942193AC4A001D0134 /* Swoosh */,
			);
		};
/* End PBXProject section */

/* Begin PBXResourcesBuildPhase section */
		D87F85932193AC4A001D0134 /* Resources */ = {
			isa = PBXResourcesBuildPhase;
			buildActionMask = 2147483647;
			files = (
				D87F85A32193AC4C001D0134 /* LaunchScreen.storyboard in Resources */,
				D87F85A02193AC4C001D0134 /* Assets.xcassets in Resources */,
				D87F859E2193AC4A001D0134 /* Main.storyboard in Resources */,
			);
			runOnlyForDeploymentPostprocessing = 0;
		};
/* End PBXResourcesBuildPhase section */

/* Begin PBXSourcesBuildPhase section */
		D87F85912193AC4A001D0134 /* Sources */ = {
			isa = PBXSourcesBuildPhase;
			buildActionMask = 2147483647;
			files = (
				D87F859B2193AC4A001D0134 /* WelcomeVC.swift in Sources */,
				D8B7CA652194F47500328D76 /* LeagueVC.swift in Sources */,
				D87F85992193AC4A001D0134 /* AppDelegate.swift in Sources */,
				D8B7CA672194F48700328D76 /* SkillVC.swift in Sources */,
				D8B7CA692195003700328D76 /* Player.swift in Sources */,
				D87F85CA2193B5DD001D0134 /* BorderButton.swift in Sources */,
			);
			runOnlyForDeploymentPostprocessing = 0;
		};
/* End PBXSourcesBuildPhase section */

/* Begin PBXVariantGroup section */
		D87F859C2193AC4A001D0134 /* Main.storyboard */ = {
			isa = PBXVariantGroup;
			children = (
				D87F859D2193AC4A001D0134 /* Base */,
			);
			name = Main.storyboard;
			sourceTree = "<group>";
		};
		D87F85A12193AC4C001D0134 /* LaunchScreen.storyboard */ = {
			isa = PBXVariantGroup;
			children = (
				D87F85A22193AC4C001D0134 /* Base */,
			);
			name = LaunchScreen.storyboard;
			sourceTree = "<group>";
		};
/* End PBXVariantGroup section */

/* Begin XCBuildConfiguration section */
		D87F85A52193AC4C001D0134 /* Debug */ = {
			isa = XCBuildConfiguration;
			buildSettings = {
				ALWAYS_SEARCH_USER_PATHS = NO;
				CLANG_ANALYZER_NONNULL = YES;
				CLANG_ANALYZER_NUMBER_OBJECT_CONVERSION = YES_AGGRESSIVE;
				CLANG_CXX_LANGUAGE_STANDARD = "gnu++14";
				CLANG_CXX_LIBRARY = "libc++";
				CLANG_ENABLE_MODULES = YES;
				CLANG_ENABLE_OBJC_ARC = YES;
				CLANG_ENABLE_OBJC_WEAK = YES;
				CLANG_WARN_BLOCK_CAPTURE_AUTORELEASING = YES;
				CLANG_WARN_BOOL_CONVERSION = YES;
				CLANG_WARN_COMMA = YES;
				CLANG_WARN_CONSTANT_CONVERSION = YES;
				CLANG_WARN_DEPRECATED_OBJC_IMPLEMENTATIONS = YES;
				CLANG_WARN_DIRECT_OBJC_ISA_USAGE = YES_ERROR;
				CLANG_WARN_DOCUMENTATION_COMMENTS = YES;
				CLANG_WARN_EMPTY_BODY = YES;
				CLANG_WARN_ENUM_CONVERSION = YES;
				CLANG_WARN_INFINITE_RECURSION = YES;
				CLANG_WARN_INT_CONVERSION = YES;
				CLANG_WARN_NON_LITERAL_NULL_CONVERSION = YES;
				CLANG_WARN_OBJC_IMPLICIT_RETAIN_SELF = YES;
				CLANG_WARN_OBJC_LITERAL_CONVERSION = YES;
				CLANG_WARN_OBJC_ROOT_CLASS = YES_ERROR;
				CLANG_WARN_RANGE_LOOP_ANALYSIS = YES;
				CLANG_WARN_STRICT_PROTOTYPES = YES;
				CLANG_WARN_SUSPICIOUS_MOVE = YES;
				CLANG_WARN_UNGUARDED_AVAILABILITY = YES_AGGRESSIVE;
				CLANG_WARN_UNREACHABLE_CODE = YES;
				CLANG_WARN__DUPLICATE_METHOD_MATCH = YES;
				CODE_SIGN_IDENTITY = "iPhone Developer";
				COPY_PHASE_STRIP = NO;
				DEBUG_INFORMATION_FORMAT = dwarf;
				ENABLE_STRICT_OBJC_MSGSEND = YES;
				ENABLE_TESTABILITY = YES;
				GCC_C_LANGUAGE_STANDARD = gnu11;
				GCC_DYNAMIC_NO_PIC = NO;
				GCC_NO_COMMON_BLOCKS = YES;
				GCC_OPTIMIZATION_LEVEL = 0;
				GCC_PREPROCESSOR_DEFINITIONS = (
					"DEBUG=1",
					"$(inherited)",
				);
				GCC_WARN_64_TO_32_BIT_CONVERSION = YES;
				GCC_WARN_ABOUT_RETURN_TYPE = YES_ERROR;
				GCC_WARN_UNDECLARED_SELECTOR = YES;
				GCC_WARN_UNINITIALIZED_AUTOS = YES_AGGRESSIVE;
				GCC_WARN_UNUSED_FUNCTION = YES;
				GCC_WARN_UNUSED_VARIABLE = YES;
				IPHONEOS_DEPLOYMENT_TARGET = 12.1;
				MTL_ENABLE_DEBUG_INFO = INCLUDE_SOURCE;
				MTL_FAST_MATH = YES;
				ONLY_ACTIVE_ARCH = YES;
				SDKROOT = iphoneos;
				SWIFT_ACTIVE_COMPILATION_CONDITIONS = DEBUG;
				SWIFT_OPTIMIZATION_LEVEL = "-Onone";
			};
			name = Debug;
		};
		D87F85A62193AC4C001D0134 /* Release */ = {
			isa = XCBuildConfiguration;
			buildSettings = {
				ALWAYS_SEARCH_USER_PATHS = NO;
				CLANG_ANALYZER_NONNULL = YES;
				CLANG_ANALYZER_NUMBER_OBJECT_CONVERSION = YES_AGGRESSIVE;
				CLANG_CXX_LANGUAGE_STANDARD = "gnu++14";
				CLANG_CXX_LIBRARY = "libc++";
				CLANG_ENABLE_MODULES = YES;
				CLANG_ENABLE_OBJC_ARC = YES;
				CLANG_ENABLE_OBJC_WEAK = YES;
				CLANG_WARN_BLOCK_CAPTURE_AUTORELEASING = YES;
				CLANG_WARN_BOOL_CONVERSION = YES;
				CLANG_WARN_COMMA = YES;
				CLANG_WARN_CONSTANT_CONVERSION = YES;
				CLANG_WARN_DEPRECATED_OBJC_IMPLEMENTATIONS = YES;
				CLANG_WARN_DIRECT_OBJC_ISA_USAGE = YES_ERROR;
				CLANG_WARN_DOCUMENTATION_COMMENTS = YES;
				CLANG_WARN_EMPTY_BODY = YES;
				CLANG_WARN_ENUM_CONVERSION = YES;
				CLANG_WARN_INFINITE_RECURSION = YES;
				CLANG_WARN_INT_CONVERSION = YES;
				CLANG_WARN_NON_LITERAL_NULL_CONVERSION = YES;
				CLANG_WARN_OBJC_IMPLICIT_RETAIN_SELF = YES;
				CLANG_WARN_OBJC_LITERAL_CONVERSION = YES;
				CLANG_WARN_OBJC_ROOT_CLASS = YES_ERROR;
				CLANG_WARN_RANGE_LOOP_ANALYSIS = YES;
				CLANG_WARN_STRICT_PROTOTYPES = YES;
				CLANG_WARN_SUSPICIOUS_MOVE = YES;
				CLANG_WARN_UNGUARDED_AVAILABILITY = YES_AGGRESSIVE;
				CLANG_WARN_UNREACHABLE_CODE = YES;
				CLANG_WARN__DUPLICATE_METHOD_MATCH = YES;
				CODE_SIGN_IDENTITY = "iPhone Developer";
				COPY_PHASE_STRIP = NO;
				DEBUG_INFORMATION_FORMAT = "dwarf-with-dsym";
				ENABLE_NS_ASSERTIONS = NO;
				ENABLE_STRICT_OBJC_MSGSEND = YES;
				GCC_C_LANGUAGE_STANDARD = gnu11;
				GCC_NO_COMMON_BLOCKS = YES;
				GCC_WARN_64_TO_32_BIT_CONVERSION = YES;
				GCC_WARN_ABOUT_RETURN_TYPE = YES_ERROR;
				GCC_WARN_UNDECLARED_SELECTOR = YES;
				GCC_WARN_UNINITIALIZED_AUTOS = YES_AGGRESSIVE;
				GCC_WARN_UNUSED_FUNCTION = YES;
				GCC_WARN_UNUSED_VARIABLE = YES;
				IPHONEOS_DEPLOYMENT_TARGET = 12.1;
				MTL_ENABLE_DEBUG_INFO = NO;
				MTL_FAST_MATH = YES;
				SDKROOT = iphoneos;
				SWIFT_COMPILATION_MODE = wholemodule;
				SWIFT_OPTIMIZATION_LEVEL = "-O";
				VALIDATE_PRODUCT = YES;
			};
			name = Release;
		};
		D87F85A82193AC4C001D0134 /* Debug */ = {
			isa = XCBuildConfiguration;
			buildSettings = {
				ASSETCATALOG_COMPILER_APPICON_NAME = AppIcon;
				CODE_SIGN_STYLE = Automatic;
				DEVELOPMENT_TEAM = 2967PHFU2S;
				INFOPLIST_FILE = Swoosh/Info.plist;
				LD_RUNPATH_SEARCH_PATHS = (
					"$(inherited)",
					"@executable_path/Frameworks",
				);
				PRODUCT_BUNDLE_IDENTIFIER = com.grandaddymac.Swoosh;
				PRODUCT_NAME = "$(TARGET_NAME)";
				SWIFT_VERSION = 4.2;
				TARGETED_DEVICE_FAMILY = "1,2";
			};
			name = Debug;
		};
		D87F85A92193AC4C001D0134 /* Release */ = {
			isa = XCBuildConfiguration;
			buildSettings = {
				ASSETCATALOG_COMPILER_APPICON_NAME = AppIcon;
				CODE_SIGN_STYLE = Automatic;
				DEVELOPMENT_TEAM = 2967PHFU2S;
				INFOPLIST_FILE = Swoosh/Info.plist;
				LD_RUNPATH_SEARCH_PATHS = (
					"$(inherited)",
					"@executable_path/Frameworks",
				);
				PRODUCT_BUNDLE_IDENTIFIER = com.grandaddymac.Swoosh;
				PRODUCT_NAME = "$(TARGET_NAME)";
				SWIFT_VERSION = 4.2;
				TARGETED_DEVICE_FAMILY = "1,2";
			};
			name = Release;
		};
/* End XCBuildConfiguration section */

/* Begin XCConfigurationList section */
		D87F85902193AC4A001D0134 /* Build configuration list for PBXProject "Swoosh" */ = {
			isa = XCConfigurationList;
			buildConfigurations = (
				D87F85A52193AC4C001D0134 /* Debug */,
				D87F85A62193AC4C001D0134 /* Release */,
			);
			defaultConfigurationIsVisible = 0;
			defaultConfigurationName = Release;
		};
		D87F85A72193AC4C001D0134 /* Build configuration list for PBXNativeTarget "Swoosh" */ = {
			isa = XCConfigurationList;
			buildConfigurations = (
				D87F85A82193AC4C001D0134 /* Debug */,
				D87F85A92193AC4C001D0134 /* Release */,
			);
			defaultConfigurationIsVisible = 0;
			defaultConfigurationName = Release;
		};
/* End XCConfigurationList section */
	};
	rootObject = D87F858D2193AC4A001D0134 /* Project object */;
}
